dependencies:
- name: k8s-monitoring-feature-annotation-autodiscovery
  repository: file://../feature-annotation-autodiscovery
  version: 1.0.0
- name: k8s-monitoring-feature-application-observability
  repository: file://../feature-application-observability
  version: 1.0.0
- name: k8s-monitoring-feature-auto-instrumentation
  repository: file://../feature-auto-instrumentation
  version: 1.0.0
- name: k8s-monitoring-feature-cluster-events
  repository: file://../feature-cluster-events
  version: 1.0.0
- name: k8s-monitoring-feature-cluster-metrics
  repository: file://../feature-cluster-metrics
  version: 1.0.0
- name: k8s-monitoring-feature-integrations
  repository: file://../feature-integrations
  version: 1.0.0
- name: k8s-monitoring-feature-node-logs
  repository: file://../feature-node-logs
  version: 1.0.0
- name: k8s-monitoring-feature-pod-logs
  repository: file://../feature-pod-logs
  version: 1.0.0
- name: k8s-monitoring-feature-profiling
  repository: file://../feature-profiling
  version: 1.0.0
- name: k8s-monitoring-feature-prometheus-operator-objects
  repository: file://../feature-prometheus-operator-objects
  version: 1.0.0
- name: alloy
  repository: https://grafana.github.io/helm-charts
  version: 0.11.0
- name: alloy
  repository: https://grafana.github.io/helm-charts
  version: 0.11.0
- name: alloy
  repository: https://grafana.github.io/helm-charts
  version: 0.11.0
- name: alloy
  repository: https://grafana.github.io/helm-charts
  version: 0.11.0
- name: alloy
  repository: https://grafana.github.io/helm-charts
  version: 0.11.0
digest: sha256:d5fc840282b942004f3b5ce7fc96c008a2a8b406e218f6285469edd1d3e13d76
generated: "2025-02-03T01:41:22.427519833Z"
