dependencies:
- name: kube-state-metrics
  repository: https://prometheus-community.github.io/helm-charts
  version: 5.27.0
- name: prometheus-node-exporter
  repository: https://prometheus-community.github.io/helm-charts
  version: 4.49.1
- name: prometheus-windows-exporter
  repository: https://prometheus-community.github.io/helm-charts
  version: 0.7.1
- name: kepler
  repository: https://sustainable-computing-io.github.io/kepler-helm-chart
  version: 0.5.12
- name: opencost
  repository: https://opencost.github.io/opencost-helm-chart
  version: 1.42.3
digest: sha256:36ec6c431ca5aa0def400ee07471d2931d1ed778872802ba5fe5d1bbe15a0bf9
generated: "2025-10-26T01:58:40.127499367Z"
