dependencies:
- name: kube-state-metrics
  repository: https://prometheus-community.github.io/helm-charts
  version: 5.27.0
- name: prometheus-node-exporter
  repository: https://prometheus-community.github.io/helm-charts
  version: 4.43.0
- name: prometheus-windows-exporter
  repository: https://prometheus-community.github.io/helm-charts
  version: 0.7.1
- name: kepler
  repository: https://sustainable-computing-io.github.io/kepler-helm-chart
  version: 0.5.12
- name: opencost
  repository: https://opencost.github.io/opencost-helm-chart
  version: 2.4.0
digest: sha256:12af32e1a71adb0dce98d527d384f1e3859926e4e1b8533429209ae72a70e2db
generated: "2025-10-26T01:58:40.54848036Z"
