dependencies:
- name: kube-state-metrics
  repository: https://prometheus-community.github.io/helm-charts
  version: 5.27.0
- name: prometheus-node-exporter
  repository: https://prometheus-community.github.io/helm-charts
  version: 4.43.0
- name: prometheus-windows-exporter
  repository: https://prometheus-community.github.io/helm-charts
  version: 0.7.1
- name: kepler
  repository: https://sustainable-computing-io.github.io/kepler-helm-chart
  version: 0.6.1
- name: opencost
  repository: https://opencost.github.io/opencost-helm-chart
  version: 1.42.3
digest: sha256:28be9547315c8d7adaac9484c0d3c71267d65fbc27c4c5aae781b56b4f5e93a9
generated: "2025-10-26T01:58:41.356202934Z"
