dependencies:
- name: alloy
  repository: https://grafana.github.io/helm-charts
  version: 0.10.1
- name: alloy
  repository: https://grafana.github.io/helm-charts
  version: 0.10.1
- name: alloy
  repository: https://grafana.github.io/helm-charts
  version: 0.10.1
- name: alloy
  repository: https://grafana.github.io/helm-charts
  version: 0.10.1
- name: kube-state-metrics
  repository: https://prometheus-community.github.io/helm-charts
  version: 5.27.0
- name: prometheus-node-exporter
  repository: https://prometheus-community.github.io/helm-charts
  version: 4.43.0
- name: prometheus-operator-crds
  repository: https://prometheus-community.github.io/helm-charts
  version: 17.0.2
- name: prometheus-windows-exporter
  repository: https://prometheus-community.github.io/helm-charts
  version: 0.7.1
- name: opencost
  repository: https://opencost.github.io/opencost-helm-chart
  version: 1.43.2
- name: kepler
  repository: https://sustainable-computing-io.github.io/kepler-helm-chart
  version: 0.5.12
- name: beyla
  repository: https://grafana.github.io/helm-charts
  version: 1.5.0
digest: sha256:975741c90252f402d40fb50ba7ddaf5ebbda1074719be9486c610e991aa5a1b8
generated: "2025-02-03T01:41:04.574380475Z"
